
Microsoft Visual Studio Solution File, Format Version 12.00
# Visual Studio Version 17
VisualStudioVersion = 17.11.35222.181
MinimumVisualStudioVersion = 10.0.40219.1
Project("{FAE04EC0-301F-11D3-BF4B-00C04F79EFBC}") = "MosBirzha_23var", "MosBirzha_23var.csproj", "{006F07AA-D8E1-450B-ABBE-9DE87C9F74C3}"
EndProject
Global
	GlobalSection(SolutionConfigurationPlatforms) = preSolution
		Debug|Any CPU = Debug|Any CPU
		Release|Any CPU = Release|Any CPU
	EndGlobalSection
	GlobalSection(ProjectConfigurationPlatforms) = postSolution
		{006F07AA-D8E1-450B-ABBE-9DE87C9F74C3}.Debug|Any CPU.ActiveCfg = Debug|Any CPU
		{006F07AA-D8E1-450B-ABBE-9DE87C9F74C3}.Debug|Any CPU.Build.0 = Debug|Any CPU
		{006F07AA-D8E1-450B-ABBE-9DE87C9F74C3}.Release|Any CPU.ActiveCfg = Release|Any CPU
		{006F07AA-D8E1-450B-ABBE-9DE87C9F74C3}.Release|Any CPU.Build.0 = Release|Any CPU
	EndGlobalSection
	GlobalSection(SolutionProperties) = preSolution
		HideSolutionNode = FALSE
	EndGlobalSection
	GlobalSection(ExtensibilityGlobals) = postSolution
		SolutionGuid = {A779D9C7-9CFA-4310-A82F-307FE072447D}
	EndGlobalSection
EndGlobal
